// !$*UTF8*$!
{
	archiveVersion = 1;
	classes = {
	};
	objectVersion = 54;
	objects = {

/* Begin PBXBuildFile section */
		14CC4F5606CBC1D30E2290A2 /* Pods_IssueTracker.framework in Frameworks */ = {isa = PBXBuildFile; fileRef = B11756D279E0DA64222E52E5 /* Pods_IssueTracker.framework */; };
		4C0DFAA02557C3E7009760B7 /* SectionItemEditViewController.swift in Sources */ = {isa = PBXBuildFile; fileRef = 4C0DFA9F2557C3E7009760B7 /* SectionItemEditViewController.swift */; };
		4C0DFACB2558445B009760B7 /* SectionItemEditVC+Scroll.swift in Sources */ = {isa = PBXBuildFile; fileRef = 4C0DFACA2558445B009760B7 /* SectionItemEditVC+Scroll.swift */; };
		4C0DFACF255844B7009760B7 /* SectionItemEditVC+SearchBar.swift in Sources */ = {isa = PBXBuildFile; fileRef = 4C0DFACE255844B7009760B7 /* SectionItemEditVC+SearchBar.swift */; };
		4C0DFAD2255844E3009760B7 /* IssueDetailBottomVC+CollectionView.swift in Sources */ = {isa = PBXBuildFile; fileRef = 4C0DFAD1255844E3009760B7 /* IssueDetailBottomVC+CollectionView.swift */; };
		4C0DFAD525584509009760B7 /* IssueDetailBottomVC+Scroll.swift in Sources */ = {isa = PBXBuildFile; fileRef = 4C0DFAD425584509009760B7 /* IssueDetailBottomVC+Scroll.swift */; };
		4C0DFAD8255845BD009760B7 /* IssueDetailBottomVC+ButtonAction.swift in Sources */ = {isa = PBXBuildFile; fileRef = 4C0DFAD7255845BD009760B7 /* IssueDetailBottomVC+ButtonAction.swift */; };
		4C0DFB2F25599E66009760B7 /* SIESupplementaryView.swift in Sources */ = {isa = PBXBuildFile; fileRef = 4C0DFB2E25599E65009760B7 /* SIESupplementaryView.swift */; };
		4C2787BF25500FD800E31035 /* ListCollectionViewProtocol.swift in Sources */ = {isa = PBXBuildFile; fileRef = 4C2787BE25500FD800E31035 /* ListCollectionViewProtocol.swift */; };
		4C3B3F092552ABC800231F67 /* BottomBorderView.swift in Sources */ = {isa = PBXBuildFile; fileRef = 4C3B3F082552ABC800231F67 /* BottomBorderView.swift */; };
		4C44042C2551B07E0075AD9B /* Milestone.swift in Sources */ = {isa = PBXBuildFile; fileRef = 4C44042B2551B07E0075AD9B /* Milestone.swift */; };
		4C4404342551BCBE0075AD9B /* MilestoneViewCell.swift in Sources */ = {isa = PBXBuildFile; fileRef = 4C4404322551BCBE0075AD9B /* MilestoneViewCell.swift */; };
		4C4404352551BCBE0075AD9B /* MilestoneViewCell.xib in Resources */ = {isa = PBXBuildFile; fileRef = 4C4404332551BCBE0075AD9B /* MilestoneViewCell.xib */; };
		4C6DFEE3255A2C9900D665B4 /* SectionItemEditVC+CollectionView.swift in Sources */ = {isa = PBXBuildFile; fileRef = 4C6DFEE2255A2C9900D665B4 /* SectionItemEditVC+CollectionView.swift */; };
		4C6DFEEC255A2DC500D665B4 /* SIEViewCell.swift in Sources */ = {isa = PBXBuildFile; fileRef = 4C6DFEEB255A2DC500D665B4 /* SIEViewCell.swift */; };
		4C7B90AC255A9AFD00DF5312 /* SIELabelViewCell.swift in Sources */ = {isa = PBXBuildFile; fileRef = 4C7B90AB255A9AFD00DF5312 /* SIELabelViewCell.swift */; };
		4C7B90B2255B624100DF5312 /* SIEAssigneeViewCell.swift in Sources */ = {isa = PBXBuildFile; fileRef = 4C7B90B1255B624100DF5312 /* SIEAssigneeViewCell.swift */; };
		4C7B90B5255B66B400DF5312 /* SIEMilestoneViewCell.swift in Sources */ = {isa = PBXBuildFile; fileRef = 4C7B90B4255B66B400DF5312 /* SIEMilestoneViewCell.swift */; };
		4C7B90BA255BA0F200DF5312 /* NotificationName.swift in Sources */ = {isa = PBXBuildFile; fileRef = 4C7B90B9255BA0F200DF5312 /* NotificationName.swift */; };
		4C7B90BD255BA28900DF5312 /* IssueDetailBottomVC+Notification.swift in Sources */ = {isa = PBXBuildFile; fileRef = 4C7B90BC255BA28900DF5312 /* IssueDetailBottomVC+Notification.swift */; };
		4C7B90C1255BA66B00DF5312 /* SectionItemEditVC+NavigationBar.swift in Sources */ = {isa = PBXBuildFile; fileRef = 4C7B90C0255BA66B00DF5312 /* SectionItemEditVC+NavigationBar.swift */; };
		4C7B90E0255C116B00DF5312 /* CommentAddViewController.swift in Sources */ = {isa = PBXBuildFile; fileRef = 4C7B90DF255C116B00DF5312 /* CommentAddViewController.swift */; };
		4C7C11B8254E87CC008FA858 /* IssueDetailCommentViewCell.swift in Sources */ = {isa = PBXBuildFile; fileRef = 4C7C11B6254E87CC008FA858 /* IssueDetailCommentViewCell.swift */; };
		4C7C11B9254E87CC008FA858 /* IssueDetailCommentViewCell.xib in Resources */ = {isa = PBXBuildFile; fileRef = 4C7C11B7254E87CC008FA858 /* IssueDetailCommentViewCell.xib */; };
		4C7C11C3254EC6B9008FA858 /* IssueDetailHeaderReusableView.swift in Sources */ = {isa = PBXBuildFile; fileRef = 4C7C11C1254EC6B8008FA858 /* IssueDetailHeaderReusableView.swift */; };
		4C7C11C4254EC6B9008FA858 /* IssueDetailHeaderReusableView.xib in Resources */ = {isa = PBXBuildFile; fileRef = 4C7C11C2254EC6B8008FA858 /* IssueDetailHeaderReusableView.xib */; };
		4CB6F8FD254D639300901E9D /* IssueDetailViewController.swift in Sources */ = {isa = PBXBuildFile; fileRef = 4CB6F8FC254D639300901E9D /* IssueDetailViewController.swift */; };
		4CD20476255141CD0001B987 /* IssueDetailBottomViewController.swift in Sources */ = {isa = PBXBuildFile; fileRef = 4CD20475255141CD0001B987 /* IssueDetailBottomViewController.swift */; };
		4CD2047925514E4C0001B987 /* CornerRoundedFloatingView.swift in Sources */ = {isa = PBXBuildFile; fileRef = 4CD2047825514E4C0001B987 /* CornerRoundedFloatingView.swift */; };
		4CD204882551A5230001B987 /* MilestoneViewController.swift in Sources */ = {isa = PBXBuildFile; fileRef = 4CD204872551A5230001B987 /* MilestoneViewController.swift */; };
		4CDC3CAB2552F6E500FC672B /* NSLayoutConstraint+description.swift in Sources */ = {isa = PBXBuildFile; fileRef = 4CDC3CAA2552F6E500FC672B /* NSLayoutConstraint+description.swift */; };
		4CDC3D2F2556ABD200FC672B /* String+toUIColorPair.swift in Sources */ = {isa = PBXBuildFile; fileRef = 4CDC3D2E2556ABD200FC672B /* String+toUIColorPair.swift */; };
		4CDC3D3F2556B54500FC672B /* BottomViewHeaderView.swift in Sources */ = {isa = PBXBuildFile; fileRef = 4CDC3D3D2556B54500FC672B /* BottomViewHeaderView.swift */; };
		4CDC3D402556B54500FC672B /* BottomViewHeaderView.xib in Resources */ = {isa = PBXBuildFile; fileRef = 4CDC3D3E2556B54500FC672B /* BottomViewHeaderView.xib */; };
		4CDFDEA7255291F30084A19E /* MilestoneEditViewController.swift in Sources */ = {isa = PBXBuildFile; fileRef = 4CDFDEA6255291F30084A19E /* MilestoneEditViewController.swift */; };
		4CE0213B2556FA3F0066BCA0 /* GitIssueObject.swift in Sources */ = {isa = PBXBuildFile; fileRef = 4CE0213A2556FA3F0066BCA0 /* GitIssueObject.swift */; };
		4CE021402556FEDB0066BCA0 /* BottomViewMilestoneCell.swift in Sources */ = {isa = PBXBuildFile; fileRef = 4CE0213E2556FEDB0066BCA0 /* BottomViewMilestoneCell.swift */; };
		4CE021412556FEDB0066BCA0 /* BottomViewMilestoneCell.xib in Resources */ = {isa = PBXBuildFile; fileRef = 4CE0213F2556FEDB0066BCA0 /* BottomViewMilestoneCell.xib */; };
		4CE02148255708310066BCA0 /* BottomViewLabelCell.swift in Sources */ = {isa = PBXBuildFile; fileRef = 4CE02146255708310066BCA0 /* BottomViewLabelCell.swift */; };
		4CE02149255708310066BCA0 /* BottomViewLabelCell.xib in Resources */ = {isa = PBXBuildFile; fileRef = 4CE02147255708310066BCA0 /* BottomViewLabelCell.xib */; };
		4CE0215025570EE50066BCA0 /* BottomViewFooterView.swift in Sources */ = {isa = PBXBuildFile; fileRef = 4CE0214E25570EE50066BCA0 /* BottomViewFooterView.swift */; };
		4CE0215125570EE50066BCA0 /* BottomViewFooterView.xib in Resources */ = {isa = PBXBuildFile; fileRef = 4CE0214F25570EE50066BCA0 /* BottomViewFooterView.xib */; };
		4CE0215725571C460066BCA0 /* BottomViewAssigneeCell.swift in Sources */ = {isa = PBXBuildFile; fileRef = 4CE0215525571C460066BCA0 /* BottomViewAssigneeCell.swift */; };
		4CE0215825571C460066BCA0 /* BottomViewAssigneeCell.xib in Resources */ = {isa = PBXBuildFile; fileRef = 4CE0215625571C460066BCA0 /* BottomViewAssigneeCell.xib */; };
		C1048958255112230091668C /* IssueAddViewController.swift in Sources */ = {isa = PBXBuildFile; fileRef = C1048957255112230091668C /* IssueAddViewController.swift */; };
		C104895B2551280C0091668C /* FilterViewController.swift in Sources */ = {isa = PBXBuildFile; fileRef = C104895A2551280C0091668C /* FilterViewController.swift */; };
		C104895E25515CA50091668C /* LabelViewController.swift in Sources */ = {isa = PBXBuildFile; fileRef = C104895D25515CA50091668C /* LabelViewController.swift */; };
		C104896F25518EC50091668C /* LabelCollectionViewCell.swift in Sources */ = {isa = PBXBuildFile; fileRef = C104896D25518EC50091668C /* LabelCollectionViewCell.swift */; };
		C104897025518EC50091668C /* LabelCollectionViewCell.xib in Resources */ = {isa = PBXBuildFile; fileRef = C104896E25518EC50091668C /* LabelCollectionViewCell.xib */; };
		C10489732551986B0091668C /* LabelDetailAndAddViewController.swift in Sources */ = {isa = PBXBuildFile; fileRef = C10489722551986B0091668C /* LabelDetailAndAddViewController.swift */; };
		C1100380255D3052006E0DD2 /* FilterSelectViewController.swift in Sources */ = {isa = PBXBuildFile; fileRef = C110037F255D3052006E0DD2 /* FilterSelectViewController.swift */; };
		C1100387255D4F6C006E0DD2 /* SelectLabel.swift in Sources */ = {isa = PBXBuildFile; fileRef = C1100386255D4F6C006E0DD2 /* SelectLabel.swift */; };
		C110038A255D5B62006E0DD2 /* UICollectionView+Select.swift in Sources */ = {isa = PBXBuildFile; fileRef = C1100389255D5B62006E0DD2 /* UICollectionView+Select.swift */; };
		C1140D8325527C6F0096C11E /* DesignableClass.swift in Sources */ = {isa = PBXBuildFile; fileRef = C1140D8225527C6F0096C11E /* DesignableClass.swift */; };
		C1179589255BCDA20039EBFE /* JoinViewController.swift in Sources */ = {isa = PBXBuildFile; fileRef = C1179588255BCDA20039EBFE /* JoinViewController.swift */; };
		C117D89E2547C7CF0081DCD7 /* IssueViewController.swift in Sources */ = {isa = PBXBuildFile; fileRef = C117D89D2547C7CF0081DCD7 /* IssueViewController.swift */; };
		C12542602547F44C00DE2BB8 /* IssueCollectionViewCell.swift in Sources */ = {isa = PBXBuildFile; fileRef = C125425F2547F44C00DE2BB8 /* IssueCollectionViewCell.swift */; };
		C12542632548007500DE2BB8 /* UIExtension.swift in Sources */ = {isa = PBXBuildFile; fileRef = C12542622548007500DE2BB8 /* UIExtension.swift */; };
		C136F60C25495F93007A09F8 /* .swiftlint.yml in Resources */ = {isa = PBXBuildFile; fileRef = C136F60B25495F93007A09F8 /* .swiftlint.yml */; };
		C162A851255A8A1C0075B296 /* UIColor+toHexString.swift in Sources */ = {isa = PBXBuildFile; fileRef = C162A850255A8A1C0075B296 /* UIColor+toHexString.swift */; };
		C170B359254A9DEC0052FE3D /* Issue.swift in Sources */ = {isa = PBXBuildFile; fileRef = C170B358254A9DEC0052FE3D /* Issue.swift */; };
		C173761A2553F68100E192C0 /* Label.swift in Sources */ = {isa = PBXBuildFile; fileRef = C17376192553F68100E192C0 /* Label.swift */; };
		C173761D2553F69E00E192C0 /* User.swift in Sources */ = {isa = PBXBuildFile; fileRef = C173761C2553F69E00E192C0 /* User.swift */; };
		C19656482546B9B6007DD55A /* AppDelegate.swift in Sources */ = {isa = PBXBuildFile; fileRef = C19656472546B9B6007DD55A /* AppDelegate.swift */; };
		C196564A2546B9B6007DD55A /* SceneDelegate.swift in Sources */ = {isa = PBXBuildFile; fileRef = C19656492546B9B6007DD55A /* SceneDelegate.swift */; };
		C196564C2546B9B6007DD55A /* ViewController.swift in Sources */ = {isa = PBXBuildFile; fileRef = C196564B2546B9B6007DD55A /* ViewController.swift */; };
		C196564F2546B9B6007DD55A /* Main.storyboard in Resources */ = {isa = PBXBuildFile; fileRef = C196564D2546B9B6007DD55A /* Main.storyboard */; };
		C19656512546B9B9007DD55A /* Assets.xcassets in Resources */ = {isa = PBXBuildFile; fileRef = C19656502546B9B9007DD55A /* Assets.xcassets */; };
		C19656542546B9B9007DD55A /* LaunchScreen.storyboard in Resources */ = {isa = PBXBuildFile; fileRef = C19656522546B9B9007DD55A /* LaunchScreen.storyboard */; };
		C19656602546CC4F007DD55A /* HTTPAgent.swift in Sources */ = {isa = PBXBuildFile; fileRef = C196565F2546CC4F007DD55A /* HTTPAgent.swift */; };
/* End PBXBuildFile section */

/* Begin PBXFileReference section */
		0AC642BD38CA333388D53582 /* Pods-IssueTracker.debug.xcconfig */ = {isa = PBXFileReference; includeInIndex = 1; lastKnownFileType = text.xcconfig; name = "Pods-IssueTracker.debug.xcconfig"; path = "Target Support Files/Pods-IssueTracker/Pods-IssueTracker.debug.xcconfig"; sourceTree = "<group>"; };
		4C0DFA9F2557C3E7009760B7 /* SectionItemEditViewController.swift */ = {isa = PBXFileReference; lastKnownFileType = sourcecode.swift; path = SectionItemEditViewController.swift; sourceTree = "<group>"; };
		4C0DFACA2558445B009760B7 /* SectionItemEditVC+Scroll.swift */ = {isa = PBXFileReference; lastKnownFileType = sourcecode.swift; path = "SectionItemEditVC+Scroll.swift"; sourceTree = "<group>"; };
		4C0DFACE255844B7009760B7 /* SectionItemEditVC+SearchBar.swift */ = {isa = PBXFileReference; lastKnownFileType = sourcecode.swift; path = "SectionItemEditVC+SearchBar.swift"; sourceTree = "<group>"; };
		4C0DFAD1255844E3009760B7 /* IssueDetailBottomVC+CollectionView.swift */ = {isa = PBXFileReference; lastKnownFileType = sourcecode.swift; path = "IssueDetailBottomVC+CollectionView.swift"; sourceTree = "<group>"; };
		4C0DFAD425584509009760B7 /* IssueDetailBottomVC+Scroll.swift */ = {isa = PBXFileReference; lastKnownFileType = sourcecode.swift; path = "IssueDetailBottomVC+Scroll.swift"; sourceTree = "<group>"; };
		4C0DFAD7255845BD009760B7 /* IssueDetailBottomVC+ButtonAction.swift */ = {isa = PBXFileReference; lastKnownFileType = sourcecode.swift; path = "IssueDetailBottomVC+ButtonAction.swift"; sourceTree = "<group>"; };
		4C0DFB2E25599E65009760B7 /* SIESupplementaryView.swift */ = {isa = PBXFileReference; lastKnownFileType = sourcecode.swift; path = SIESupplementaryView.swift; sourceTree = "<group>"; };
		4C2787BE25500FD800E31035 /* ListCollectionViewProtocol.swift */ = {isa = PBXFileReference; lastKnownFileType = sourcecode.swift; path = ListCollectionViewProtocol.swift; sourceTree = "<group>"; };
		4C3B3F082552ABC800231F67 /* BottomBorderView.swift */ = {isa = PBXFileReference; lastKnownFileType = sourcecode.swift; path = BottomBorderView.swift; sourceTree = "<group>"; };
		4C44042B2551B07E0075AD9B /* Milestone.swift */ = {isa = PBXFileReference; lastKnownFileType = sourcecode.swift; path = Milestone.swift; sourceTree = "<group>"; };
		4C4404322551BCBE0075AD9B /* MilestoneViewCell.swift */ = {isa = PBXFileReference; lastKnownFileType = sourcecode.swift; path = MilestoneViewCell.swift; sourceTree = "<group>"; };
		4C4404332551BCBE0075AD9B /* MilestoneViewCell.xib */ = {isa = PBXFileReference; lastKnownFileType = file.xib; path = MilestoneViewCell.xib; sourceTree = "<group>"; };
		4C6DFEE2255A2C9900D665B4 /* SectionItemEditVC+CollectionView.swift */ = {isa = PBXFileReference; lastKnownFileType = sourcecode.swift; path = "SectionItemEditVC+CollectionView.swift"; sourceTree = "<group>"; };
		4C6DFEEB255A2DC500D665B4 /* SIEViewCell.swift */ = {isa = PBXFileReference; lastKnownFileType = sourcecode.swift; path = SIEViewCell.swift; sourceTree = "<group>"; };
		4C7B90AB255A9AFD00DF5312 /* SIELabelViewCell.swift */ = {isa = PBXFileReference; lastKnownFileType = sourcecode.swift; path = SIELabelViewCell.swift; sourceTree = "<group>"; };
		4C7B90B1255B624100DF5312 /* SIEAssigneeViewCell.swift */ = {isa = PBXFileReference; lastKnownFileType = sourcecode.swift; path = SIEAssigneeViewCell.swift; sourceTree = "<group>"; };
		4C7B90B4255B66B400DF5312 /* SIEMilestoneViewCell.swift */ = {isa = PBXFileReference; lastKnownFileType = sourcecode.swift; path = SIEMilestoneViewCell.swift; sourceTree = "<group>"; };
		4C7B90B9255BA0F200DF5312 /* NotificationName.swift */ = {isa = PBXFileReference; lastKnownFileType = sourcecode.swift; path = NotificationName.swift; sourceTree = "<group>"; };
		4C7B90BC255BA28900DF5312 /* IssueDetailBottomVC+Notification.swift */ = {isa = PBXFileReference; lastKnownFileType = sourcecode.swift; path = "IssueDetailBottomVC+Notification.swift"; sourceTree = "<group>"; };
		4C7B90C0255BA66B00DF5312 /* SectionItemEditVC+NavigationBar.swift */ = {isa = PBXFileReference; lastKnownFileType = sourcecode.swift; path = "SectionItemEditVC+NavigationBar.swift"; sourceTree = "<group>"; };
		4C7B90DF255C116B00DF5312 /* CommentAddViewController.swift */ = {isa = PBXFileReference; lastKnownFileType = sourcecode.swift; path = CommentAddViewController.swift; sourceTree = "<group>"; };
		4C7C11B6254E87CC008FA858 /* IssueDetailCommentViewCell.swift */ = {isa = PBXFileReference; lastKnownFileType = sourcecode.swift; path = IssueDetailCommentViewCell.swift; sourceTree = "<group>"; };
		4C7C11B7254E87CC008FA858 /* IssueDetailCommentViewCell.xib */ = {isa = PBXFileReference; lastKnownFileType = file.xib; path = IssueDetailCommentViewCell.xib; sourceTree = "<group>"; };
		4C7C11C1254EC6B8008FA858 /* IssueDetailHeaderReusableView.swift */ = {isa = PBXFileReference; lastKnownFileType = sourcecode.swift; path = IssueDetailHeaderReusableView.swift; sourceTree = "<group>"; };
		4C7C11C2254EC6B8008FA858 /* IssueDetailHeaderReusableView.xib */ = {isa = PBXFileReference; lastKnownFileType = file.xib; path = IssueDetailHeaderReusableView.xib; sourceTree = "<group>"; };
		4CB6F8FC254D639300901E9D /* IssueDetailViewController.swift */ = {isa = PBXFileReference; lastKnownFileType = sourcecode.swift; path = IssueDetailViewController.swift; sourceTree = "<group>"; };
		4CD20475255141CD0001B987 /* IssueDetailBottomViewController.swift */ = {isa = PBXFileReference; lastKnownFileType = sourcecode.swift; path = IssueDetailBottomViewController.swift; sourceTree = "<group>"; };
		4CD2047825514E4C0001B987 /* CornerRoundedFloatingView.swift */ = {isa = PBXFileReference; lastKnownFileType = sourcecode.swift; path = CornerRoundedFloatingView.swift; sourceTree = "<group>"; };
		4CD204872551A5230001B987 /* MilestoneViewController.swift */ = {isa = PBXFileReference; lastKnownFileType = sourcecode.swift; path = MilestoneViewController.swift; sourceTree = "<group>"; };
		4CDC3CAA2552F6E500FC672B /* NSLayoutConstraint+description.swift */ = {isa = PBXFileReference; lastKnownFileType = sourcecode.swift; path = "NSLayoutConstraint+description.swift"; sourceTree = "<group>"; };
		4CDC3D2E2556ABD200FC672B /* String+toUIColorPair.swift */ = {isa = PBXFileReference; lastKnownFileType = sourcecode.swift; path = "String+toUIColorPair.swift"; sourceTree = "<group>"; };
		4CDC3D3D2556B54500FC672B /* BottomViewHeaderView.swift */ = {isa = PBXFileReference; lastKnownFileType = sourcecode.swift; path = BottomViewHeaderView.swift; sourceTree = "<group>"; };
		4CDC3D3E2556B54500FC672B /* BottomViewHeaderView.xib */ = {isa = PBXFileReference; lastKnownFileType = file.xib; path = BottomViewHeaderView.xib; sourceTree = "<group>"; };
		4CDFDEA6255291F30084A19E /* MilestoneEditViewController.swift */ = {isa = PBXFileReference; lastKnownFileType = sourcecode.swift; path = MilestoneEditViewController.swift; sourceTree = "<group>"; };
		4CE0213A2556FA3F0066BCA0 /* GitIssueObject.swift */ = {isa = PBXFileReference; lastKnownFileType = sourcecode.swift; path = GitIssueObject.swift; sourceTree = "<group>"; };
		4CE0213E2556FEDB0066BCA0 /* BottomViewMilestoneCell.swift */ = {isa = PBXFileReference; lastKnownFileType = sourcecode.swift; path = BottomViewMilestoneCell.swift; sourceTree = "<group>"; };
		4CE0213F2556FEDB0066BCA0 /* BottomViewMilestoneCell.xib */ = {isa = PBXFileReference; lastKnownFileType = file.xib; path = BottomViewMilestoneCell.xib; sourceTree = "<group>"; };
		4CE02146255708310066BCA0 /* BottomViewLabelCell.swift */ = {isa = PBXFileReference; lastKnownFileType = sourcecode.swift; path = BottomViewLabelCell.swift; sourceTree = "<group>"; };
		4CE02147255708310066BCA0 /* BottomViewLabelCell.xib */ = {isa = PBXFileReference; lastKnownFileType = file.xib; path = BottomViewLabelCell.xib; sourceTree = "<group>"; };
		4CE0214E25570EE50066BCA0 /* BottomViewFooterView.swift */ = {isa = PBXFileReference; lastKnownFileType = sourcecode.swift; path = BottomViewFooterView.swift; sourceTree = "<group>"; };
		4CE0214F25570EE50066BCA0 /* BottomViewFooterView.xib */ = {isa = PBXFileReference; lastKnownFileType = file.xib; path = BottomViewFooterView.xib; sourceTree = "<group>"; };
		4CE0215525571C460066BCA0 /* BottomViewAssigneeCell.swift */ = {isa = PBXFileReference; lastKnownFileType = sourcecode.swift; path = BottomViewAssigneeCell.swift; sourceTree = "<group>"; };
		4CE0215625571C460066BCA0 /* BottomViewAssigneeCell.xib */ = {isa = PBXFileReference; lastKnownFileType = file.xib; path = BottomViewAssigneeCell.xib; sourceTree = "<group>"; };
		B11756D279E0DA64222E52E5 /* Pods_IssueTracker.framework */ = {isa = PBXFileReference; explicitFileType = wrapper.framework; includeInIndex = 0; path = Pods_IssueTracker.framework; sourceTree = BUILT_PRODUCTS_DIR; };
		C1048957255112230091668C /* IssueAddViewController.swift */ = {isa = PBXFileReference; lastKnownFileType = sourcecode.swift; path = IssueAddViewController.swift; sourceTree = "<group>"; };
		C104895A2551280C0091668C /* FilterViewController.swift */ = {isa = PBXFileReference; lastKnownFileType = sourcecode.swift; path = FilterViewController.swift; sourceTree = "<group>"; };
		C104895D25515CA50091668C /* LabelViewController.swift */ = {isa = PBXFileReference; lastKnownFileType = sourcecode.swift; path = LabelViewController.swift; sourceTree = "<group>"; };
		C104896D25518EC50091668C /* LabelCollectionViewCell.swift */ = {isa = PBXFileReference; lastKnownFileType = sourcecode.swift; path = LabelCollectionViewCell.swift; sourceTree = "<group>"; };
		C104896E25518EC50091668C /* LabelCollectionViewCell.xib */ = {isa = PBXFileReference; lastKnownFileType = file.xib; path = LabelCollectionViewCell.xib; sourceTree = "<group>"; };
		C10489722551986B0091668C /* LabelDetailAndAddViewController.swift */ = {isa = PBXFileReference; lastKnownFileType = sourcecode.swift; path = LabelDetailAndAddViewController.swift; sourceTree = "<group>"; };
		C110037F255D3052006E0DD2 /* FilterSelectViewController.swift */ = {isa = PBXFileReference; lastKnownFileType = sourcecode.swift; path = FilterSelectViewController.swift; sourceTree = "<group>"; };
		C1100386255D4F6C006E0DD2 /* SelectLabel.swift */ = {isa = PBXFileReference; lastKnownFileType = sourcecode.swift; path = SelectLabel.swift; sourceTree = "<group>"; };
		C1100389255D5B62006E0DD2 /* UICollectionView+Select.swift */ = {isa = PBXFileReference; lastKnownFileType = sourcecode.swift; path = "UICollectionView+Select.swift"; sourceTree = "<group>"; };
		C1140D8225527C6F0096C11E /* DesignableClass.swift */ = {isa = PBXFileReference; lastKnownFileType = sourcecode.swift; path = DesignableClass.swift; sourceTree = "<group>"; };
		C117957D2559198B0039EBFE /* IssueTracker.entitlements */ = {isa = PBXFileReference; lastKnownFileType = text.plist.entitlements; path = IssueTracker.entitlements; sourceTree = "<group>"; };
		C1179588255BCDA20039EBFE /* JoinViewController.swift */ = {isa = PBXFileReference; lastKnownFileType = sourcecode.swift; path = JoinViewController.swift; sourceTree = "<group>"; };
		C117D89D2547C7CF0081DCD7 /* IssueViewController.swift */ = {isa = PBXFileReference; lastKnownFileType = sourcecode.swift; path = IssueViewController.swift; sourceTree = "<group>"; };
		C125425F2547F44C00DE2BB8 /* IssueCollectionViewCell.swift */ = {isa = PBXFileReference; lastKnownFileType = sourcecode.swift; path = IssueCollectionViewCell.swift; sourceTree = "<group>"; };
		C12542622548007500DE2BB8 /* UIExtension.swift */ = {isa = PBXFileReference; lastKnownFileType = sourcecode.swift; path = UIExtension.swift; sourceTree = "<group>"; };
		C136F60B25495F93007A09F8 /* .swiftlint.yml */ = {isa = PBXFileReference; lastKnownFileType = text.yaml; path = .swiftlint.yml; sourceTree = "<group>"; };
		C162A850255A8A1C0075B296 /* UIColor+toHexString.swift */ = {isa = PBXFileReference; lastKnownFileType = sourcecode.swift; path = "UIColor+toHexString.swift"; sourceTree = "<group>"; };
		C170B358254A9DEC0052FE3D /* Issue.swift */ = {isa = PBXFileReference; lastKnownFileType = sourcecode.swift; path = Issue.swift; sourceTree = "<group>"; };
		C17376192553F68100E192C0 /* Label.swift */ = {isa = PBXFileReference; lastKnownFileType = sourcecode.swift; path = Label.swift; sourceTree = "<group>"; };
		C173761C2553F69E00E192C0 /* User.swift */ = {isa = PBXFileReference; lastKnownFileType = sourcecode.swift; path = User.swift; sourceTree = "<group>"; };
		C19656442546B9B6007DD55A /* IssueTracker.app */ = {isa = PBXFileReference; explicitFileType = wrapper.application; includeInIndex = 0; path = IssueTracker.app; sourceTree = BUILT_PRODUCTS_DIR; };
		C19656472546B9B6007DD55A /* AppDelegate.swift */ = {isa = PBXFileReference; lastKnownFileType = sourcecode.swift; path = AppDelegate.swift; sourceTree = "<group>"; };
		C19656492546B9B6007DD55A /* SceneDelegate.swift */ = {isa = PBXFileReference; lastKnownFileType = sourcecode.swift; path = SceneDelegate.swift; sourceTree = "<group>"; };
		C196564B2546B9B6007DD55A /* ViewController.swift */ = {isa = PBXFileReference; lastKnownFileType = sourcecode.swift; path = ViewController.swift; sourceTree = "<group>"; };
		C196564E2546B9B6007DD55A /* Base */ = {isa = PBXFileReference; lastKnownFileType = file.storyboard; name = Base; path = Base.lproj/Main.storyboard; sourceTree = "<group>"; };
		C19656502546B9B9007DD55A /* Assets.xcassets */ = {isa = PBXFileReference; lastKnownFileType = folder.assetcatalog; path = Assets.xcassets; sourceTree = "<group>"; };
		C19656532546B9B9007DD55A /* Base */ = {isa = PBXFileReference; lastKnownFileType = file.storyboard; name = Base; path = Base.lproj/LaunchScreen.storyboard; sourceTree = "<group>"; };
		C19656552546B9B9007DD55A /* Info.plist */ = {isa = PBXFileReference; lastKnownFileType = text.plist.xml; path = Info.plist; sourceTree = "<group>"; };
		C196565F2546CC4F007DD55A /* HTTPAgent.swift */ = {isa = PBXFileReference; lastKnownFileType = sourcecode.swift; path = HTTPAgent.swift; sourceTree = "<group>"; };
		F4058FAEFC005D172BDD6980 /* Pods-IssueTracker.release.xcconfig */ = {isa = PBXFileReference; includeInIndex = 1; lastKnownFileType = text.xcconfig; name = "Pods-IssueTracker.release.xcconfig"; path = "Target Support Files/Pods-IssueTracker/Pods-IssueTracker.release.xcconfig"; sourceTree = "<group>"; };
/* End PBXFileReference section */

/* Begin PBXFrameworksBuildPhase section */
		C19656412546B9B6007DD55A /* Frameworks */ = {
			isa = PBXFrameworksBuildPhase;
			buildActionMask = 2147483647;
			files = (
				14CC4F5606CBC1D30E2290A2 /* Pods_IssueTracker.framework in Frameworks */,
			);
			runOnlyForDeploymentPostprocessing = 0;
		};
/* End PBXFrameworksBuildPhase section */

/* Begin PBXGroup section */
		4C0DFAC92558440A009760B7 /* Extensions */ = {
			isa = PBXGroup;
			children = (
				4C0DFAD1255844E3009760B7 /* IssueDetailBottomVC+CollectionView.swift */,
				4C0DFAD425584509009760B7 /* IssueDetailBottomVC+Scroll.swift */,
				4C0DFAD7255845BD009760B7 /* IssueDetailBottomVC+ButtonAction.swift */,
				4C7B90BC255BA28900DF5312 /* IssueDetailBottomVC+Notification.swift */,
			);
			path = Extensions;
			sourceTree = "<group>";
		};
		4C2787BD25500F8800E31035 /* Protocol */ = {
			isa = PBXGroup;
			children = (
				4C2787BE25500FD800E31035 /* ListCollectionViewProtocol.swift */,
			);
			path = Protocol;
			sourceTree = "<group>";
		};
		4C6DFEDF255A2BBF00D665B4 /* SectionItemEditVC */ = {
			isa = PBXGroup;
			children = (
				4C6DFEE1255A2BF800D665B4 /* Extensions */,
				4C6DFEE0255A2BD700D665B4 /* Views */,
				4C0DFA9F2557C3E7009760B7 /* SectionItemEditViewController.swift */,
			);
			path = SectionItemEditVC;
			sourceTree = "<group>";
		};
		4C6DFEE0255A2BD700D665B4 /* Views */ = {
			isa = PBXGroup;
			children = (
				4C0DFB2E25599E65009760B7 /* SIESupplementaryView.swift */,
				4C6DFEEB255A2DC500D665B4 /* SIEViewCell.swift */,
				4C7B90AB255A9AFD00DF5312 /* SIELabelViewCell.swift */,
				4C7B90B1255B624100DF5312 /* SIEAssigneeViewCell.swift */,
				4C7B90B4255B66B400DF5312 /* SIEMilestoneViewCell.swift */,
			);
			path = Views;
			sourceTree = "<group>";
		};
		4C6DFEE1255A2BF800D665B4 /* Extensions */ = {
			isa = PBXGroup;
			children = (
				4C0DFACA2558445B009760B7 /* SectionItemEditVC+Scroll.swift */,
				4C0DFACE255844B7009760B7 /* SectionItemEditVC+SearchBar.swift */,
				4C6DFEE2255A2C9900D665B4 /* SectionItemEditVC+CollectionView.swift */,
				4C7B90C0255BA66B00DF5312 /* SectionItemEditVC+NavigationBar.swift */,
			);
			path = Extensions;
			sourceTree = "<group>";
		};
		4CDC3CA92552F6C100FC672B /* extension */ = {
			isa = PBXGroup;
			children = (
				4CDC3CAA2552F6E500FC672B /* NSLayoutConstraint+description.swift */,
				4CDC3D2E2556ABD200FC672B /* String+toUIColorPair.swift */,
				4C7B90B9255BA0F200DF5312 /* NotificationName.swift */,
				C162A850255A8A1C0075B296 /* UIColor+toHexString.swift */,
				C1100389255D5B62006E0DD2 /* UICollectionView+Select.swift */,
			);
			path = extension;
			sourceTree = "<group>";
		};
		4CDC3D1B255697A600FC672B /* IssueDetailBottomVC */ = {
			isa = PBXGroup;
			children = (
				4C0DFAC92558440A009760B7 /* Extensions */,
				4CDC3D2A2556AB8F00FC672B /* Views */,
				4CD20475255141CD0001B987 /* IssueDetailBottomViewController.swift */,
			);
			path = IssueDetailBottomVC;
			sourceTree = "<group>";
		};
		4CDC3D2A2556AB8F00FC672B /* Views */ = {
			isa = PBXGroup;
			children = (
				4CE0215525571C460066BCA0 /* BottomViewAssigneeCell.swift */,
				4CE0215625571C460066BCA0 /* BottomViewAssigneeCell.xib */,
				4CE0214E25570EE50066BCA0 /* BottomViewFooterView.swift */,
				4CE0214F25570EE50066BCA0 /* BottomViewFooterView.xib */,
				4CDC3D3D2556B54500FC672B /* BottomViewHeaderView.swift */,
				4CDC3D3E2556B54500FC672B /* BottomViewHeaderView.xib */,
				4CE02146255708310066BCA0 /* BottomViewLabelCell.swift */,
				4CE02147255708310066BCA0 /* BottomViewLabelCell.xib */,
				4CE0213E2556FEDB0066BCA0 /* BottomViewMilestoneCell.swift */,
				4CE0213F2556FEDB0066BCA0 /* BottomViewMilestoneCell.xib */,
			);
			path = Views;
			sourceTree = "<group>";
		};
		530B9BB278546251FBEEAF99 /* Pods */ = {
			isa = PBXGroup;
			children = (
				0AC642BD38CA333388D53582 /* Pods-IssueTracker.debug.xcconfig */,
				F4058FAEFC005D172BDD6980 /* Pods-IssueTracker.release.xcconfig */,
			);
			path = Pods;
			sourceTree = "<group>";
		};
		C117D8A52547C9270081DCD7 /* Model */ = {
			isa = PBXGroup;
			children = (
				C170B358254A9DEC0052FE3D /* Issue.swift */,
				C196565F2546CC4F007DD55A /* HTTPAgent.swift */,
				4C44042B2551B07E0075AD9B /* Milestone.swift */,
				C17376192553F68100E192C0 /* Label.swift */,
				C173761C2553F69E00E192C0 /* User.swift */,
				4CE0213A2556FA3F0066BCA0 /* GitIssueObject.swift */,
			);
			path = Model;
			sourceTree = "<group>";
		};
		C117D8A62547C9300081DCD7 /* View */ = {
			isa = PBXGroup;
			children = (
				C1140D8225527C6F0096C11E /* DesignableClass.swift */,
				C104896D25518EC50091668C /* LabelCollectionViewCell.swift */,
				C104896E25518EC50091668C /* LabelCollectionViewCell.xib */,
				C125425F2547F44C00DE2BB8 /* IssueCollectionViewCell.swift */,
				4C7C11B6254E87CC008FA858 /* IssueDetailCommentViewCell.swift */,
				4C7C11B7254E87CC008FA858 /* IssueDetailCommentViewCell.xib */,
				4C7C11C1254EC6B8008FA858 /* IssueDetailHeaderReusableView.swift */,
				4C7C11C2254EC6B8008FA858 /* IssueDetailHeaderReusableView.xib */,
				C12542622548007500DE2BB8 /* UIExtension.swift */,
				4CD2047825514E4C0001B987 /* CornerRoundedFloatingView.swift */,
				4C4404322551BCBE0075AD9B /* MilestoneViewCell.swift */,
				4C4404332551BCBE0075AD9B /* MilestoneViewCell.xib */,
				4C3B3F082552ABC800231F67 /* BottomBorderView.swift */,
				C1100386255D4F6C006E0DD2 /* SelectLabel.swift */,
			);
			path = View;
			sourceTree = "<group>";
		};
		C117D8A72547C9380081DCD7 /* Controller */ = {
			isa = PBXGroup;
			children = (
				4C6DFEDF255A2BBF00D665B4 /* SectionItemEditVC */,
				4CDC3D1B255697A600FC672B /* IssueDetailBottomVC */,
				C104895A2551280C0091668C /* FilterViewController.swift */,
				C110037F255D3052006E0DD2 /* FilterSelectViewController.swift */,
				C1048957255112230091668C /* IssueAddViewController.swift */,
				4CB6F8FC254D639300901E9D /* IssueDetailViewController.swift */,
				C117D89D2547C7CF0081DCD7 /* IssueViewController.swift */,
				C104895D25515CA50091668C /* LabelViewController.swift */,
				C10489722551986B0091668C /* LabelDetailAndAddViewController.swift */,
				4CDFDEA6255291F30084A19E /* MilestoneEditViewController.swift */,
				4CD204872551A5230001B987 /* MilestoneViewController.swift */,
				C196564B2546B9B6007DD55A /* ViewController.swift */,
				C1179588255BCDA20039EBFE /* JoinViewController.swift */,
				4C7B90DF255C116B00DF5312 /* CommentAddViewController.swift */,
			);
			path = Controller;
			sourceTree = "<group>";
		};
		C196563B2546B9B6007DD55A = {
			isa = PBXGroup;
			children = (
				C19656462546B9B6007DD55A /* IssueTracker */,
				C19656452546B9B6007DD55A /* Products */,
				530B9BB278546251FBEEAF99 /* Pods */,
				FF2AC76C87F13C704D5124A0 /* Frameworks */,
			);
			sourceTree = "<group>";
		};
		C19656452546B9B6007DD55A /* Products */ = {
			isa = PBXGroup;
			children = (
				C19656442546B9B6007DD55A /* IssueTracker.app */,
			);
			name = Products;
			sourceTree = "<group>";
		};
		C19656462546B9B6007DD55A /* IssueTracker */ = {
			isa = PBXGroup;
			children = (
				C117957D2559198B0039EBFE /* IssueTracker.entitlements */,
				4CDC3CA92552F6C100FC672B /* extension */,
				C136F60B25495F93007A09F8 /* .swiftlint.yml */,
				4C2787BD25500F8800E31035 /* Protocol */,
				C117D8A72547C9380081DCD7 /* Controller */,
				C117D8A62547C9300081DCD7 /* View */,
				C117D8A52547C9270081DCD7 /* Model */,
				C19656472546B9B6007DD55A /* AppDelegate.swift */,
				C19656492546B9B6007DD55A /* SceneDelegate.swift */,
				C196564D2546B9B6007DD55A /* Main.storyboard */,
				C19656502546B9B9007DD55A /* Assets.xcassets */,
				C19656522546B9B9007DD55A /* LaunchScreen.storyboard */,
				C19656552546B9B9007DD55A /* Info.plist */,
			);
			path = IssueTracker;
			sourceTree = "<group>";
		};
		FF2AC76C87F13C704D5124A0 /* Frameworks */ = {
			isa = PBXGroup;
			children = (
				B11756D279E0DA64222E52E5 /* Pods_IssueTracker.framework */,
			);
			name = Frameworks;
			sourceTree = "<group>";
		};
/* End PBXGroup section */

/* Begin PBXNativeTarget section */
		C19656432546B9B6007DD55A /* IssueTracker */ = {
			isa = PBXNativeTarget;
			buildConfigurationList = C19656582546B9B9007DD55A /* Build configuration list for PBXNativeTarget "IssueTracker" */;
			buildPhases = (
				7231A0585C7FEA1286982DBF /* [CP] Check Pods Manifest.lock */,
				C19656402546B9B6007DD55A /* Sources */,
				C19656412546B9B6007DD55A /* Frameworks */,
				C19656422546B9B6007DD55A /* Resources */,
				C136F60925495DD4007A09F8 /* ShellScript */,
				9434E1A27611F5AB59C2485E /* [CP] Embed Pods Frameworks */,
			);
			buildRules = (
			);
			dependencies = (
			);
			name = IssueTracker;
			productName = IssueTracker;
			productReference = C19656442546B9B6007DD55A /* IssueTracker.app */;
			productType = "com.apple.product-type.application";
		};
/* End PBXNativeTarget section */

/* Begin PBXProject section */
		C196563C2546B9B6007DD55A /* Project object */ = {
			isa = PBXProject;
			attributes = {
				LastSwiftUpdateCheck = 1210;
				LastUpgradeCheck = 1200;
				ORGANIZATIONNAME = "남기범";
				TargetAttributes = {
					C19656432546B9B6007DD55A = {
						CreatedOnToolsVersion = 11.6;
					};
				};
			};
			buildConfigurationList = C196563F2546B9B6007DD55A /* Build configuration list for PBXProject "IssueTracker" */;
			compatibilityVersion = "Xcode 12.0";
			developmentRegion = en;
			hasScannedForEncodings = 0;
			knownRegions = (
				en,
				Base,
			);
			mainGroup = C196563B2546B9B6007DD55A;
			productRefGroup = C19656452546B9B6007DD55A /* Products */;
			projectDirPath = "";
			projectRoot = "";
			targets = (
				C19656432546B9B6007DD55A /* IssueTracker */,
			);
		};
/* End PBXProject section */

/* Begin PBXResourcesBuildPhase section */
		C19656422546B9B6007DD55A /* Resources */ = {
			isa = PBXResourcesBuildPhase;
			buildActionMask = 2147483647;
			files = (
				C136F60C25495F93007A09F8 /* .swiftlint.yml in Resources */,
				4CE0215825571C460066BCA0 /* BottomViewAssigneeCell.xib in Resources */,
				4CE02149255708310066BCA0 /* BottomViewLabelCell.xib in Resources */,
				4C4404352551BCBE0075AD9B /* MilestoneViewCell.xib in Resources */,
				C19656542546B9B9007DD55A /* LaunchScreen.storyboard in Resources */,
				C19656512546B9B9007DD55A /* Assets.xcassets in Resources */,
				C196564F2546B9B6007DD55A /* Main.storyboard in Resources */,
				4CDC3D402556B54500FC672B /* BottomViewHeaderView.xib in Resources */,
				4CE021412556FEDB0066BCA0 /* BottomViewMilestoneCell.xib in Resources */,
				4C7C11B9254E87CC008FA858 /* IssueDetailCommentViewCell.xib in Resources */,
				4C7C11C4254EC6B9008FA858 /* IssueDetailHeaderReusableView.xib in Resources */,
				C104897025518EC50091668C /* LabelCollectionViewCell.xib in Resources */,
				4CE0215125570EE50066BCA0 /* BottomViewFooterView.xib in Resources */,
			);
			runOnlyForDeploymentPostprocessing = 0;
		};
/* End PBXResourcesBuildPhase section */

/* Begin PBXShellScriptBuildPhase section */
		7231A0585C7FEA1286982DBF /* [CP] Check Pods Manifest.lock */ = {
			isa = PBXShellScriptBuildPhase;
			buildActionMask = 2147483647;
			files = (
			);
			inputFileListPaths = (
			);
			inputPaths = (
				"${PODS_PODFILE_DIR_PATH}/Podfile.lock",
				"${PODS_ROOT}/Manifest.lock",
			);
			name = "[CP] Check Pods Manifest.lock";
			outputFileListPaths = (
			);
			outputPaths = (
				"$(DERIVED_FILE_DIR)/Pods-IssueTracker-checkManifestLockResult.txt",
			);
			runOnlyForDeploymentPostprocessing = 0;
			shellPath = /bin/sh;
			shellScript = "diff \"${PODS_PODFILE_DIR_PATH}/Podfile.lock\" \"${PODS_ROOT}/Manifest.lock\" > /dev/null\nif [ $? != 0 ] ; then\n    # print error to STDERR\n    echo \"error: The sandbox is not in sync with the Podfile.lock. Run 'pod install' or update your CocoaPods installation.\" >&2\n    exit 1\nfi\n# This output is used by Xcode 'outputs' to avoid re-running this script phase.\necho \"SUCCESS\" > \"${SCRIPT_OUTPUT_FILE_0}\"\n";
			showEnvVarsInLog = 0;
		};
		9434E1A27611F5AB59C2485E /* [CP] Embed Pods Frameworks */ = {
			isa = PBXShellScriptBuildPhase;
			buildActionMask = 2147483647;
			files = (
			);
			inputFileListPaths = (
				"${PODS_ROOT}/Target Support Files/Pods-IssueTracker/Pods-IssueTracker-frameworks-${CONFIGURATION}-input-files.xcfilelist",
			);
			name = "[CP] Embed Pods Frameworks";
			outputFileListPaths = (
				"${PODS_ROOT}/Target Support Files/Pods-IssueTracker/Pods-IssueTracker-frameworks-${CONFIGURATION}-output-files.xcfilelist",
			);
			runOnlyForDeploymentPostprocessing = 0;
			shellPath = /bin/sh;
			shellScript = "\"${PODS_ROOT}/Target Support Files/Pods-IssueTracker/Pods-IssueTracker-frameworks.sh\"\n";
			showEnvVarsInLog = 0;
		};
		C136F60925495DD4007A09F8 /* ShellScript */ = {
			isa = PBXShellScriptBuildPhase;
			buildActionMask = 2147483647;
			files = (
			);
			inputFileListPaths = (
			);
			inputPaths = (
			);
			outputFileListPaths = (
			);
			outputPaths = (
			);
			runOnlyForDeploymentPostprocessing = 0;
			shellPath = /bin/sh;
			shellScript = "# Type a script or drag a script file from your workspace to insert its path.\n${PODS_ROOT}/SwiftLint/swiftlint\n";
		};
/* End PBXShellScriptBuildPhase section */

/* Begin PBXSourcesBuildPhase section */
		C19656402546B9B6007DD55A /* Sources */ = {
			isa = PBXSourcesBuildPhase;
			buildActionMask = 2147483647;
			files = (
				4C0DFACB2558445B009760B7 /* SectionItemEditVC+Scroll.swift in Sources */,
				4C0DFB2F25599E66009760B7 /* SIESupplementaryView.swift in Sources */,
				4CE02148255708310066BCA0 /* BottomViewLabelCell.swift in Sources */,
				4CE021402556FEDB0066BCA0 /* BottomViewMilestoneCell.swift in Sources */,
				4CE0215725571C460066BCA0 /* BottomViewAssigneeCell.swift in Sources */,
				C117D89E2547C7CF0081DCD7 /* IssueViewController.swift in Sources */,
				4C2787BF25500FD800E31035 /* ListCollectionViewProtocol.swift in Sources */,
				4CDC3CAB2552F6E500FC672B /* NSLayoutConstraint+description.swift in Sources */,
				C12542602547F44C00DE2BB8 /* IssueCollectionViewCell.swift in Sources */,
				4C4404342551BCBE0075AD9B /* MilestoneViewCell.swift in Sources */,
				C162A851255A8A1C0075B296 /* UIColor+toHexString.swift in Sources */,
				4CDC3D2F2556ABD200FC672B /* String+toUIColorPair.swift in Sources */,
				4C6DFEE3255A2C9900D665B4 /* SectionItemEditVC+CollectionView.swift in Sources */,
				4C0DFAD8255845BD009760B7 /* IssueDetailBottomVC+ButtonAction.swift in Sources */,
				C196564C2546B9B6007DD55A /* ViewController.swift in Sources */,
				C173761D2553F69E00E192C0 /* User.swift in Sources */,
				C19656602546CC4F007DD55A /* HTTPAgent.swift in Sources */,
				4C7B90C1255BA66B00DF5312 /* SectionItemEditVC+NavigationBar.swift in Sources */,
				4C7B90AC255A9AFD00DF5312 /* SIELabelViewCell.swift in Sources */,
				4C7B90B5255B66B400DF5312 /* SIEMilestoneViewCell.swift in Sources */,
				C104895E25515CA50091668C /* LabelViewController.swift in Sources */,
				4C3B3F092552ABC800231F67 /* BottomBorderView.swift in Sources */,
				4C44042C2551B07E0075AD9B /* Milestone.swift in Sources */,
				C19656482546B9B6007DD55A /* AppDelegate.swift in Sources */,
				4CB6F8FD254D639300901E9D /* IssueDetailViewController.swift in Sources */,
				4C7C11B8254E87CC008FA858 /* IssueDetailCommentViewCell.swift in Sources */,
				4CD2047925514E4C0001B987 /* CornerRoundedFloatingView.swift in Sources */,
				4C7C11C3254EC6B9008FA858 /* IssueDetailHeaderReusableView.swift in Sources */,
				C1100387255D4F6C006E0DD2 /* SelectLabel.swift in Sources */,
				C196564A2546B9B6007DD55A /* SceneDelegate.swift in Sources */,
				C1140D8325527C6F0096C11E /* DesignableClass.swift in Sources */,
				4C0DFAD2255844E3009760B7 /* IssueDetailBottomVC+CollectionView.swift in Sources */,
				4CD20476255141CD0001B987 /* IssueDetailBottomViewController.swift in Sources */,
				4CD204882551A5230001B987 /* MilestoneViewController.swift in Sources */,
				4C7B90BA255BA0F200DF5312 /* NotificationName.swift in Sources */,
				4C0DFAA02557C3E7009760B7 /* SectionItemEditViewController.swift in Sources */,
				4CDFDEA7255291F30084A19E /* MilestoneEditViewController.swift in Sources */,
				4CE0215025570EE50066BCA0 /* BottomViewFooterView.swift in Sources */,
				C104895B2551280C0091668C /* FilterViewController.swift in Sources */,
				4C0DFACF255844B7009760B7 /* SectionItemEditVC+SearchBar.swift in Sources */,
				C173761A2553F68100E192C0 /* Label.swift in Sources */,
				4C7B90E0255C116B00DF5312 /* CommentAddViewController.swift in Sources */,
				C110038A255D5B62006E0DD2 /* UICollectionView+Select.swift in Sources */,
				4CE0213B2556FA3F0066BCA0 /* GitIssueObject.swift in Sources */,
				C1100380255D3052006E0DD2 /* FilterSelectViewController.swift in Sources */,
				C10489732551986B0091668C /* LabelDetailAndAddViewController.swift in Sources */,
				C196564A2546B9B6007DD55A /* SceneDelegate.swift in Sources */,
				C104896F25518EC50091668C /* LabelCollectionViewCell.swift in Sources */,
				C12542632548007500DE2BB8 /* UIExtension.swift in Sources */,
				4C7B90B2255B624100DF5312 /* SIEAssigneeViewCell.swift in Sources */,
				C170B359254A9DEC0052FE3D /* Issue.swift in Sources */,
				4C0DFAD525584509009760B7 /* IssueDetailBottomVC+Scroll.swift in Sources */,
				C1179589255BCDA20039EBFE /* JoinViewController.swift in Sources */,
				4CDC3D3F2556B54500FC672B /* BottomViewHeaderView.swift in Sources */,
				C1048958255112230091668C /* IssueAddViewController.swift in Sources */,
				4C6DFEEC255A2DC500D665B4 /* SIEViewCell.swift in Sources */,
				4C7B90BD255BA28900DF5312 /* IssueDetailBottomVC+Notification.swift in Sources */,
			);
			runOnlyForDeploymentPostprocessing = 0;
		};
/* End PBXSourcesBuildPhase section */

/* Begin PBXVariantGroup section */
		C196564D2546B9B6007DD55A /* Main.storyboard */ = {
			isa = PBXVariantGroup;
			children = (
				C196564E2546B9B6007DD55A /* Base */,
			);
			name = Main.storyboard;
			sourceTree = "<group>";
		};
		C19656522546B9B9007DD55A /* LaunchScreen.storyboard */ = {
			isa = PBXVariantGroup;
			children = (
				C19656532546B9B9007DD55A /* Base */,
			);
			name = LaunchScreen.storyboard;
			sourceTree = "<group>";
		};
/* End PBXVariantGroup section */

/* Begin XCBuildConfiguration section */
		C19656562546B9B9007DD55A /* Debug */ = {
			isa = XCBuildConfiguration;
			buildSettings = {
				ALWAYS_SEARCH_USER_PATHS = NO;
				CLANG_ANALYZER_NONNULL = YES;
				CLANG_ANALYZER_NUMBER_OBJECT_CONVERSION = YES_AGGRESSIVE;
				CLANG_CXX_LANGUAGE_STANDARD = "gnu++14";
				CLANG_CXX_LIBRARY = "libc++";
				CLANG_ENABLE_MODULES = YES;
				CLANG_ENABLE_OBJC_ARC = YES;
				CLANG_ENABLE_OBJC_WEAK = YES;
				CLANG_WARN_BLOCK_CAPTURE_AUTORELEASING = YES;
				CLANG_WARN_BOOL_CONVERSION = YES;
				CLANG_WARN_COMMA = YES;
				CLANG_WARN_CONSTANT_CONVERSION = YES;
				CLANG_WARN_DEPRECATED_OBJC_IMPLEMENTATIONS = YES;
				CLANG_WARN_DIRECT_OBJC_ISA_USAGE = YES_ERROR;
				CLANG_WARN_DOCUMENTATION_COMMENTS = YES;
				CLANG_WARN_EMPTY_BODY = YES;
				CLANG_WARN_ENUM_CONVERSION = YES;
				CLANG_WARN_INFINITE_RECURSION = YES;
				CLANG_WARN_INT_CONVERSION = YES;
				CLANG_WARN_NON_LITERAL_NULL_CONVERSION = YES;
				CLANG_WARN_OBJC_IMPLICIT_RETAIN_SELF = YES;
				CLANG_WARN_OBJC_LITERAL_CONVERSION = YES;
				CLANG_WARN_OBJC_ROOT_CLASS = YES_ERROR;
				CLANG_WARN_QUOTED_INCLUDE_IN_FRAMEWORK_HEADER = YES;
				CLANG_WARN_RANGE_LOOP_ANALYSIS = YES;
				CLANG_WARN_STRICT_PROTOTYPES = YES;
				CLANG_WARN_SUSPICIOUS_MOVE = YES;
				CLANG_WARN_UNGUARDED_AVAILABILITY = YES_AGGRESSIVE;
				CLANG_WARN_UNREACHABLE_CODE = YES;
				CLANG_WARN__DUPLICATE_METHOD_MATCH = YES;
				COPY_PHASE_STRIP = NO;
				DEBUG_INFORMATION_FORMAT = dwarf;
				ENABLE_STRICT_OBJC_MSGSEND = YES;
				ENABLE_TESTABILITY = YES;
				GCC_C_LANGUAGE_STANDARD = gnu11;
				GCC_DYNAMIC_NO_PIC = NO;
				GCC_NO_COMMON_BLOCKS = YES;
				GCC_OPTIMIZATION_LEVEL = 0;
				GCC_PREPROCESSOR_DEFINITIONS = (
					"DEBUG=1",
					"$(inherited)",
				);
				GCC_WARN_64_TO_32_BIT_CONVERSION = YES;
				GCC_WARN_ABOUT_RETURN_TYPE = YES_ERROR;
				GCC_WARN_UNDECLARED_SELECTOR = YES;
				GCC_WARN_UNINITIALIZED_AUTOS = YES_AGGRESSIVE;
				GCC_WARN_UNUSED_FUNCTION = YES;
				GCC_WARN_UNUSED_VARIABLE = YES;
				IPHONEOS_DEPLOYMENT_TARGET = 14.1;
				MTL_ENABLE_DEBUG_INFO = INCLUDE_SOURCE;
				MTL_FAST_MATH = YES;
				ONLY_ACTIVE_ARCH = YES;
				SDKROOT = iphoneos;
				SWIFT_ACTIVE_COMPILATION_CONDITIONS = DEBUG;
				SWIFT_OPTIMIZATION_LEVEL = "-Onone";
			};
			name = Debug;
		};
		C19656572546B9B9007DD55A /* Release */ = {
			isa = XCBuildConfiguration;
			buildSettings = {
				ALWAYS_SEARCH_USER_PATHS = NO;
				CLANG_ANALYZER_NONNULL = YES;
				CLANG_ANALYZER_NUMBER_OBJECT_CONVERSION = YES_AGGRESSIVE;
				CLANG_CXX_LANGUAGE_STANDARD = "gnu++14";
				CLANG_CXX_LIBRARY = "libc++";
				CLANG_ENABLE_MODULES = YES;
				CLANG_ENABLE_OBJC_ARC = YES;
				CLANG_ENABLE_OBJC_WEAK = YES;
				CLANG_WARN_BLOCK_CAPTURE_AUTORELEASING = YES;
				CLANG_WARN_BOOL_CONVERSION = YES;
				CLANG_WARN_COMMA = YES;
				CLANG_WARN_CONSTANT_CONVERSION = YES;
				CLANG_WARN_DEPRECATED_OBJC_IMPLEMENTATIONS = YES;
				CLANG_WARN_DIRECT_OBJC_ISA_USAGE = YES_ERROR;
				CLANG_WARN_DOCUMENTATION_COMMENTS = YES;
				CLANG_WARN_EMPTY_BODY = YES;
				CLANG_WARN_ENUM_CONVERSION = YES;
				CLANG_WARN_INFINITE_RECURSION = YES;
				CLANG_WARN_INT_CONVERSION = YES;
				CLANG_WARN_NON_LITERAL_NULL_CONVERSION = YES;
				CLANG_WARN_OBJC_IMPLICIT_RETAIN_SELF = YES;
				CLANG_WARN_OBJC_LITERAL_CONVERSION = YES;
				CLANG_WARN_OBJC_ROOT_CLASS = YES_ERROR;
				CLANG_WARN_QUOTED_INCLUDE_IN_FRAMEWORK_HEADER = YES;
				CLANG_WARN_RANGE_LOOP_ANALYSIS = YES;
				CLANG_WARN_STRICT_PROTOTYPES = YES;
				CLANG_WARN_SUSPICIOUS_MOVE = YES;
				CLANG_WARN_UNGUARDED_AVAILABILITY = YES_AGGRESSIVE;
				CLANG_WARN_UNREACHABLE_CODE = YES;
				CLANG_WARN__DUPLICATE_METHOD_MATCH = YES;
				COPY_PHASE_STRIP = NO;
				DEBUG_INFORMATION_FORMAT = "dwarf-with-dsym";
				ENABLE_NS_ASSERTIONS = NO;
				ENABLE_STRICT_OBJC_MSGSEND = YES;
				GCC_C_LANGUAGE_STANDARD = gnu11;
				GCC_NO_COMMON_BLOCKS = YES;
				GCC_WARN_64_TO_32_BIT_CONVERSION = YES;
				GCC_WARN_ABOUT_RETURN_TYPE = YES_ERROR;
				GCC_WARN_UNDECLARED_SELECTOR = YES;
				GCC_WARN_UNINITIALIZED_AUTOS = YES_AGGRESSIVE;
				GCC_WARN_UNUSED_FUNCTION = YES;
				GCC_WARN_UNUSED_VARIABLE = YES;
				IPHONEOS_DEPLOYMENT_TARGET = 14.1;
				MTL_ENABLE_DEBUG_INFO = NO;
				MTL_FAST_MATH = YES;
				SDKROOT = iphoneos;
				SWIFT_COMPILATION_MODE = wholemodule;
				SWIFT_OPTIMIZATION_LEVEL = "-O";
				VALIDATE_PRODUCT = YES;
			};
			name = Release;
		};
		C19656592546B9B9007DD55A /* Debug */ = {
			isa = XCBuildConfiguration;
			baseConfigurationReference = 0AC642BD38CA333388D53582 /* Pods-IssueTracker.debug.xcconfig */;
			buildSettings = {
				ASSETCATALOG_COMPILER_APPICON_NAME = AppIcon;
				CODE_SIGN_ENTITLEMENTS = IssueTracker/IssueTracker.entitlements;
				CODE_SIGN_STYLE = Automatic;
				DEVELOPMENT_TEAM = B3PWYBKFUK;
				INFOPLIST_FILE = IssueTracker/Info.plist;
				IPHONEOS_DEPLOYMENT_TARGET = 14.1;
				LD_RUNPATH_SEARCH_PATHS = (
					"$(inherited)",
					"@executable_path/Frameworks",
				);
				PRODUCT_BUNDLE_IDENTIFIER = "NamKiBeom.IssueTracker-19";
				PRODUCT_NAME = "$(TARGET_NAME)";
				SWIFT_VERSION = 5.0;
				TARGETED_DEVICE_FAMILY = "1,2";
			};
			name = Debug;
		};
		C196565A2546B9B9007DD55A /* Release */ = {
			isa = XCBuildConfiguration;
			baseConfigurationReference = F4058FAEFC005D172BDD6980 /* Pods-IssueTracker.release.xcconfig */;
			buildSettings = {
				ASSETCATALOG_COMPILER_APPICON_NAME = AppIcon;
				CODE_SIGN_ENTITLEMENTS = IssueTracker/IssueTracker.entitlements;
				CODE_SIGN_STYLE = Automatic;
				DEVELOPMENT_TEAM = B3PWYBKFUK;
				INFOPLIST_FILE = IssueTracker/Info.plist;
				IPHONEOS_DEPLOYMENT_TARGET = 14.1;
				LD_RUNPATH_SEARCH_PATHS = (
					"$(inherited)",
					"@executable_path/Frameworks",
				);
				PRODUCT_BUNDLE_IDENTIFIER = "NamKiBeom.IssueTracker-19";
				PRODUCT_NAME = "$(TARGET_NAME)";
				SWIFT_VERSION = 5.0;
				TARGETED_DEVICE_FAMILY = "1,2";
			};
			name = Release;
		};
/* End XCBuildConfiguration section */

/* Begin XCConfigurationList section */
		C196563F2546B9B6007DD55A /* Build configuration list for PBXProject "IssueTracker" */ = {
			isa = XCConfigurationList;
			buildConfigurations = (
				C19656562546B9B9007DD55A /* Debug */,
				C19656572546B9B9007DD55A /* Release */,
			);
			defaultConfigurationIsVisible = 0;
			defaultConfigurationName = Release;
		};
		C19656582546B9B9007DD55A /* Build configuration list for PBXNativeTarget "IssueTracker" */ = {
			isa = XCConfigurationList;
			buildConfigurations = (
				C19656592546B9B9007DD55A /* Debug */,
				C196565A2546B9B9007DD55A /* Release */,
			);
			defaultConfigurationIsVisible = 0;
			defaultConfigurationName = Release;
		};
/* End XCConfigurationList section */
	};
	rootObject = C196563C2546B9B6007DD55A /* Project object */;
}
